
Microsoft Visual Studio Solution File, Format Version 12.00
# Visual Studio Version 17
VisualStudioVersion = 17.4.33110.190
MinimumVisualStudioVersion = 10.0.40219.1
Project("{F2A71F9B-5D33-465A-A702-920D77279786}") = "nyaf", "nyaf.fsproj", "{2D70D6F7-41E7-4B38-9279-7CFEF6B7721F}"
EndProject
Global
	GlobalSection(SolutionConfigurationPlatforms) = preSolution
		Debug|Any CPU = Debug|Any CPU
		Release|Any CPU = Release|Any CPU
	EndGlobalSection
	GlobalSection(ProjectConfigurationPlatforms) = postSolution
		{2D70D6F7-41E7-4B38-9279-7CFEF6B7721F}.Debug|Any CPU.ActiveCfg = Debug|Any CPU
		{2D70D6F7-41E7-4B38-9279-7CFEF6B7721F}.Debug|Any CPU.Build.0 = Debug|Any CPU
		{2D70D6F7-41E7-4B38-9279-7CFEF6B7721F}.Release|Any CPU.ActiveCfg = Release|Any CPU
		{2D70D6F7-41E7-4B38-9279-7CFEF6B7721F}.Release|Any CPU.Build.0 = Release|Any CPU
	EndGlobalSection
	GlobalSection(SolutionProperties) = preSolution
		HideSolutionNode = FALSE
	EndGlobalSection
	GlobalSection(ExtensibilityGlobals) = postSolution
		SolutionGuid = {D849746B-883F-4D45-9E77-41867DF65E08}
	EndGlobalSection
EndGlobal
